
Microsoft Visual Studio Solution File, Format Version 12.00
# Visual Studio Version 17
VisualStudioVersion = 17.0.31912.275
MinimumVisualStudioVersion = 10.0.40219.1
Project("{9A19103F-16F7-4668-BE54-9A1E7A4F7556}") = "Cpu", "Cpu\Cpu.csproj", "{50138E57-4F75-42F6-BE8D-2DD3D74605B4}"
EndProject
Project("{9A19103F-16F7-4668-BE54-9A1E7A4F7556}") = "Test.Unit.Cpu", "Test.Unit.Cpu\Test.Unit.Cpu.csproj", "{6B0C4844-7A07-420D-9FDA-5AD30EB05C9B}"
EndProject
Project("{9A19103F-16F7-4668-BE54-9A1E7A4F7556}") = "Test.Integrated.Cpu", "Test.Integrated.Cpu\Test.Integrated.Cpu.csproj", "{F656F893-571B-4327-8F9E-BA8D11F9EB2E}"
EndProject
Project("{2150E333-8FDC-42A3-9474-1A3956D46DE8}") = "Docs", "Docs", "{7A272006-39D1-4952-9D91-CB9C1CA824DA}"
	ProjectSection(SolutionItems) = preProject
		README.md = README.md
	EndProjectSection
EndProject
Project("{2150E333-8FDC-42A3-9474-1A3956D46DE8}") = "Support", "Support", "{DCAE7F84-EAB8-45EA-9B51-781DF3C79855}"
	ProjectSection(SolutionItems) = preProject
		.editorconfig = .editorconfig
		.gitignore = .gitignore
	EndProjectSection
EndProject
Project("{7CF6DF6D-3B04-46F8-A40B-537D21BCA0B4}") = "Documentation.Cpu", "Documentation.Cpu\Documentation.Cpu.shfbproj", "{E5E13546-F94E-4989-AB5B-A20F12EA2A18}"
EndProject
Global
	GlobalSection(SolutionConfigurationPlatforms) = preSolution
		Debug|Any CPU = Debug|Any CPU
		Release|Any CPU = Release|Any CPU
	EndGlobalSection
	GlobalSection(ProjectConfigurationPlatforms) = postSolution
		{50138E57-4F75-42F6-BE8D-2DD3D74605B4}.Debug|Any CPU.ActiveCfg = Debug|Any CPU
		{50138E57-4F75-42F6-BE8D-2DD3D74605B4}.Debug|Any CPU.Build.0 = Debug|Any CPU
		{50138E57-4F75-42F6-BE8D-2DD3D74605B4}.Release|Any CPU.ActiveCfg = Release|Any CPU
		{50138E57-4F75-42F6-BE8D-2DD3D74605B4}.Release|Any CPU.Build.0 = Release|Any CPU
		{6B0C4844-7A07-420D-9FDA-5AD30EB05C9B}.Debug|Any CPU.ActiveCfg = Debug|Any CPU
		{6B0C4844-7A07-420D-9FDA-5AD30EB05C9B}.Debug|Any CPU.Build.0 = Debug|Any CPU
		{6B0C4844-7A07-420D-9FDA-5AD30EB05C9B}.Release|Any CPU.ActiveCfg = Release|Any CPU
		{6B0C4844-7A07-420D-9FDA-5AD30EB05C9B}.Release|Any CPU.Build.0 = Release|Any CPU
		{F656F893-571B-4327-8F9E-BA8D11F9EB2E}.Debug|Any CPU.ActiveCfg = Debug|Any CPU
		{F656F893-571B-4327-8F9E-BA8D11F9EB2E}.Debug|Any CPU.Build.0 = Debug|Any CPU
		{F656F893-571B-4327-8F9E-BA8D11F9EB2E}.Release|Any CPU.ActiveCfg = Release|Any CPU
		{F656F893-571B-4327-8F9E-BA8D11F9EB2E}.Release|Any CPU.Build.0 = Release|Any CPU
		{E5E13546-F94E-4989-AB5B-A20F12EA2A18}.Debug|Any CPU.ActiveCfg = Debug|Any CPU
		{E5E13546-F94E-4989-AB5B-A20F12EA2A18}.Debug|Any CPU.Build.0 = Debug|Any CPU
		{E5E13546-F94E-4989-AB5B-A20F12EA2A18}.Release|Any CPU.ActiveCfg = Release|Any CPU
		{E5E13546-F94E-4989-AB5B-A20F12EA2A18}.Release|Any CPU.Build.0 = Release|Any CPU
	EndGlobalSection
	GlobalSection(SolutionProperties) = preSolution
		HideSolutionNode = FALSE
	EndGlobalSection
	GlobalSection(ExtensibilityGlobals) = postSolution
		SolutionGuid = {CD3A6BFA-2B7F-48F5-9BA6-8C0C5550C6D1}
	EndGlobalSection
EndGlobal
