{
  "version": 2,
  "dependencies": {
    "net7.0": {
      "Microsoft.CodeAnalysis.NetAnalyzers": {
        "type": "Direct",
        "requested": "[8.0.0-preview.23420.2, )",
        "resolved": "8.0.0-preview.23420.2",
        "contentHash": "mCll3jiIY+QKxxfW5a1Z/IyYyGiyjqbCvTL24Tr6ISaas57iv4ZUWmWEDuXsWNB1c3RFjVesmS5PjG+uincdXg=="
      },
      "Microsoft.Extensions.Logging.Abstractions": {
        "type": "Direct",
        "requested": "[8.0.0-rc.1.23419.4, )",
        "resolved": "8.0.0-rc.1.23419.4",
        "contentHash": "jphvzZmIDCEwl5PkxegeiO0y+zeMRg92QtY0weVFy8tH9ySgb2EwX85B78H0FYTFixFApRlmsh/pEdEs+VKbZA==",
        "dependencies": {
          "Microsoft.Extensions.DependencyInjection.Abstractions": "8.0.0-rc.1.23419.4"
        }
      },
      "Roslynator.Analyzers": {
        "type": "Direct",
        "requested": "[4.5.0, )",
        "resolved": "4.5.0",
        "contentHash": "C0ks0LQ/5S8zEEcb16Ntqm9DaFyOVTIGnvwTNs4asKIozoiyiHiVivpJH2zRmpN0/N0HEW/qdi9sp0bjHTQxRw=="
      },
      "Roslynator.CodeAnalysis.Analyzers": {
        "type": "Direct",
        "requested": "[4.5.0, )",
        "resolved": "4.5.0",
        "contentHash": "adLK7IzErdrweLT/Avv+xlC1JEpoxX+kyUshNCKQf0qxNug9xQzrLQg2NsN1SoSg3kn5O5WQXG2pp+TGESmx0g=="
      },
      "Roslynator.Formatting.Analyzers": {
        "type": "Direct",
        "requested": "[4.5.0, )",
        "resolved": "4.5.0",
        "contentHash": "VkcKBoxTWSv5u3NqQKTOCBqZUAumGVzE/HbMqPt7hloosJvN0WBWVlK2Z2sKbGqSj5v0FWidzS5lPM/CvrwFhQ=="
      },
      "SecurityCodeScan.VS2019": {
        "type": "Direct",
        "requested": "[5.6.7, )",
        "resolved": "5.6.7",
        "contentHash": "WIE9RJswdSc2j+rLz2gW6U+gMUjMHzY2j7C/CL8/R2olXNM/+twarfMnWqm+rZodDBvaYDApJyxM8mVYf9FGrQ=="
      },
      "Microsoft.Extensions.DependencyInjection.Abstractions": {
        "type": "Transitive",
        "resolved": "8.0.0-rc.1.23419.4",
        "contentHash": "SAv6AcbXKzvBq4kQAU5S9sW3ZOV7j4qLjqT+Iw6CLgqsSCgoJhmVvadtr8PUWaRfj4uVT9CX5V3zIojehtMq8w=="
      }
    },
    "net8.0": {
      "Microsoft.CodeAnalysis.NetAnalyzers": {
        "type": "Direct",
        "requested": "[8.0.0-preview.23420.2, )",
        "resolved": "8.0.0-preview.23420.2",
        "contentHash": "mCll3jiIY+QKxxfW5a1Z/IyYyGiyjqbCvTL24Tr6ISaas57iv4ZUWmWEDuXsWNB1c3RFjVesmS5PjG+uincdXg=="
      },
      "Microsoft.Extensions.Logging.Abstractions": {
        "type": "Direct",
        "requested": "[8.0.0-rc.1.23419.4, )",
        "resolved": "8.0.0-rc.1.23419.4",
        "contentHash": "jphvzZmIDCEwl5PkxegeiO0y+zeMRg92QtY0weVFy8tH9ySgb2EwX85B78H0FYTFixFApRlmsh/pEdEs+VKbZA==",
        "dependencies": {
          "Microsoft.Extensions.DependencyInjection.Abstractions": "8.0.0-rc.1.23419.4"
        }
      },
      "Roslynator.Analyzers": {
        "type": "Direct",
        "requested": "[4.5.0, )",
        "resolved": "4.5.0",
        "contentHash": "C0ks0LQ/5S8zEEcb16Ntqm9DaFyOVTIGnvwTNs4asKIozoiyiHiVivpJH2zRmpN0/N0HEW/qdi9sp0bjHTQxRw=="
      },
      "Roslynator.CodeAnalysis.Analyzers": {
        "type": "Direct",
        "requested": "[4.5.0, )",
        "resolved": "4.5.0",
        "contentHash": "adLK7IzErdrweLT/Avv+xlC1JEpoxX+kyUshNCKQf0qxNug9xQzrLQg2NsN1SoSg3kn5O5WQXG2pp+TGESmx0g=="
      },
      "Roslynator.Formatting.Analyzers": {
        "type": "Direct",
        "requested": "[4.5.0, )",
        "resolved": "4.5.0",
        "contentHash": "VkcKBoxTWSv5u3NqQKTOCBqZUAumGVzE/HbMqPt7hloosJvN0WBWVlK2Z2sKbGqSj5v0FWidzS5lPM/CvrwFhQ=="
      },
      "SecurityCodeScan.VS2019": {
        "type": "Direct",
        "requested": "[5.6.7, )",
        "resolved": "5.6.7",
        "contentHash": "WIE9RJswdSc2j+rLz2gW6U+gMUjMHzY2j7C/CL8/R2olXNM/+twarfMnWqm+rZodDBvaYDApJyxM8mVYf9FGrQ=="
      },
      "Microsoft.Extensions.DependencyInjection.Abstractions": {
        "type": "Transitive",
        "resolved": "8.0.0-rc.1.23419.4",
        "contentHash": "SAv6AcbXKzvBq4kQAU5S9sW3ZOV7j4qLjqT+Iw6CLgqsSCgoJhmVvadtr8PUWaRfj4uVT9CX5V3zIojehtMq8w=="
      }
    }
  }
}