{
  "version": 2,
  "dependencies": {
    "net8.0-windows7.0": {
      "Microsoft.CodeAnalysis.NetAnalyzers": {
        "type": "Direct",
        "requested": "[8.0.0-preview.23420.2, )",
        "resolved": "8.0.0-preview.23420.2",
        "contentHash": "mCll3jiIY+QKxxfW5a1Z/IyYyGiyjqbCvTL24Tr6ISaas57iv4ZUWmWEDuXsWNB1c3RFjVesmS5PjG+uincdXg=="
      },
      "Microsoft.Extensions.Logging": {
        "type": "Direct",
        "requested": "[8.0.0-rc.1.23419.4, )",
        "resolved": "8.0.0-rc.1.23419.4",
        "contentHash": "n39LJSx0Mpl89hhT0DWTyPyGv/z60/Ygp0b4ZE1zNy9R8O42PrsK+XFdiaKtCnpOPezX2Jq07dFyZzpCqmIvzw==",
        "dependencies": {
          "Microsoft.Extensions.DependencyInjection": "8.0.0-rc.1.23419.4",
          "Microsoft.Extensions.Logging.Abstractions": "8.0.0-rc.1.23419.4",
          "Microsoft.Extensions.Options": "8.0.0-rc.1.23419.4"
        }
      },
      "Microsoft.Extensions.Logging.Abstractions": {
        "type": "Direct",
        "requested": "[8.0.0-rc.1.23419.4, )",
        "resolved": "8.0.0-rc.1.23419.4",
        "contentHash": "jphvzZmIDCEwl5PkxegeiO0y+zeMRg92QtY0weVFy8tH9ySgb2EwX85B78H0FYTFixFApRlmsh/pEdEs+VKbZA==",
        "dependencies": {
          "Microsoft.Extensions.DependencyInjection.Abstractions": "8.0.0-rc.1.23419.4"
        }
      },
      "Microsoft.Extensions.Logging.Console": {
        "type": "Direct",
        "requested": "[8.0.0-rc.1.23419.4, )",
        "resolved": "8.0.0-rc.1.23419.4",
        "contentHash": "Igf8bVBKMECRe8Zzju3x8FokuiHcKq82KNSx/sPyEBGXGykJqZZps1R7aIOKU0rkqlt1C4rHYfvCurBgud3u5w==",
        "dependencies": {
          "Microsoft.Extensions.DependencyInjection.Abstractions": "8.0.0-rc.1.23419.4",
          "Microsoft.Extensions.Logging": "8.0.0-rc.1.23419.4",
          "Microsoft.Extensions.Logging.Abstractions": "8.0.0-rc.1.23419.4",
          "Microsoft.Extensions.Logging.Configuration": "8.0.0-rc.1.23419.4",
          "Microsoft.Extensions.Options": "8.0.0-rc.1.23419.4",
          "System.Text.Json": "8.0.0-rc.1.23419.4"
        }
      },
      "Roslynator.Analyzers": {
        "type": "Direct",
        "requested": "[4.5.0, )",
        "resolved": "4.5.0",
        "contentHash": "C0ks0LQ/5S8zEEcb16Ntqm9DaFyOVTIGnvwTNs4asKIozoiyiHiVivpJH2zRmpN0/N0HEW/qdi9sp0bjHTQxRw=="
      },
      "Roslynator.CodeAnalysis.Analyzers": {
        "type": "Direct",
        "requested": "[4.5.0, )",
        "resolved": "4.5.0",
        "contentHash": "adLK7IzErdrweLT/Avv+xlC1JEpoxX+kyUshNCKQf0qxNug9xQzrLQg2NsN1SoSg3kn5O5WQXG2pp+TGESmx0g=="
      },
      "Roslynator.Formatting.Analyzers": {
        "type": "Direct",
        "requested": "[4.5.0, )",
        "resolved": "4.5.0",
        "contentHash": "VkcKBoxTWSv5u3NqQKTOCBqZUAumGVzE/HbMqPt7hloosJvN0WBWVlK2Z2sKbGqSj5v0FWidzS5lPM/CvrwFhQ=="
      },
      "SecurityCodeScan.VS2019": {
        "type": "Direct",
        "requested": "[5.6.7, )",
        "resolved": "5.6.7",
        "contentHash": "WIE9RJswdSc2j+rLz2gW6U+gMUjMHzY2j7C/CL8/R2olXNM/+twarfMnWqm+rZodDBvaYDApJyxM8mVYf9FGrQ=="
      },
      "Microsoft.Extensions.Configuration": {
        "type": "Transitive",
        "resolved": "8.0.0-rc.1.23419.4",
        "contentHash": "NoIBM0qnZrl5o3em/5Qx4T3HcDruKdDVvm4PsG/wiuWawtwHRqaqkFjPS66lPnu1Kgzv+D1JJd+r4C5wPxXErw==",
        "dependencies": {
          "Microsoft.Extensions.Configuration.Abstractions": "8.0.0-rc.1.23419.4",
          "Microsoft.Extensions.Primitives": "8.0.0-rc.1.23419.4"
        }
      },
      "Microsoft.Extensions.Configuration.Abstractions": {
        "type": "Transitive",
        "resolved": "8.0.0-rc.1.23419.4",
        "contentHash": "tY5wKwXNZ6cBeyHxvxyLy57TxUaA6H82/vW8vTTmikG9bkfRzfyS0EEDloiPzL4ln8P+3aZxeAestjPC6942Kg==",
        "dependencies": {
          "Microsoft.Extensions.Primitives": "8.0.0-rc.1.23419.4"
        }
      },
      "Microsoft.Extensions.Configuration.Binder": {
        "type": "Transitive",
        "resolved": "8.0.0-rc.1.23419.4",
        "contentHash": "npSDU7QSVdMjIFasVVBygHTaSd3H6rJD9zBXb6tcmAO8D7chkCJ2MarAYVKDICT5I9Hfawxv7FitJFAgNVIn3w==",
        "dependencies": {
          "Microsoft.Extensions.Configuration.Abstractions": "8.0.0-rc.1.23419.4"
        }
      },
      "Microsoft.Extensions.DependencyInjection.Abstractions": {
        "type": "Transitive",
        "resolved": "8.0.0-rc.1.23419.4",
        "contentHash": "SAv6AcbXKzvBq4kQAU5S9sW3ZOV7j4qLjqT+Iw6CLgqsSCgoJhmVvadtr8PUWaRfj4uVT9CX5V3zIojehtMq8w=="
      },
      "Microsoft.Extensions.Logging.Configuration": {
        "type": "Transitive",
        "resolved": "8.0.0-rc.1.23419.4",
        "contentHash": "oH+bw1sz2aK4EfcOshAJecd7cxNYmVhS+nz4UdFUEBm/DEEs5u9x0+pgIpWiNVH85p4Xf9quJY6OJiH9lDMtnA==",
        "dependencies": {
          "Microsoft.Extensions.Configuration": "8.0.0-rc.1.23419.4",
          "Microsoft.Extensions.Configuration.Abstractions": "8.0.0-rc.1.23419.4",
          "Microsoft.Extensions.Configuration.Binder": "8.0.0-rc.1.23419.4",
          "Microsoft.Extensions.DependencyInjection.Abstractions": "8.0.0-rc.1.23419.4",
          "Microsoft.Extensions.Logging": "8.0.0-rc.1.23419.4",
          "Microsoft.Extensions.Logging.Abstractions": "8.0.0-rc.1.23419.4",
          "Microsoft.Extensions.Options": "8.0.0-rc.1.23419.4",
          "Microsoft.Extensions.Options.ConfigurationExtensions": "8.0.0-rc.1.23419.4"
        }
      },
      "Microsoft.Extensions.Options": {
        "type": "Transitive",
        "resolved": "8.0.0-rc.1.23419.4",
        "contentHash": "fsKycFyh/aX7Vs9o/gOH+XBWRh5VB4iwV6xHZdvN9kDvJfBhCm2IQ/E+xaWa5KtX7tXOx0hclZ8ihK97ab3mPQ==",
        "dependencies": {
          "Microsoft.Extensions.DependencyInjection.Abstractions": "8.0.0-rc.1.23419.4",
          "Microsoft.Extensions.Primitives": "8.0.0-rc.1.23419.4"
        }
      },
      "Microsoft.Extensions.Options.ConfigurationExtensions": {
        "type": "Transitive",
        "resolved": "8.0.0-rc.1.23419.4",
        "contentHash": "7y1Ob1fZniZnTGeuurHjGAXmW0+reI4MUOZxR3Dyvu9htNSkGsrsICY2f0bIev1D+pQrFwNg/+yUOpvc46/jkg==",
        "dependencies": {
          "Microsoft.Extensions.Configuration.Abstractions": "8.0.0-rc.1.23419.4",
          "Microsoft.Extensions.Configuration.Binder": "8.0.0-rc.1.23419.4",
          "Microsoft.Extensions.DependencyInjection.Abstractions": "8.0.0-rc.1.23419.4",
          "Microsoft.Extensions.Options": "8.0.0-rc.1.23419.4",
          "Microsoft.Extensions.Primitives": "8.0.0-rc.1.23419.4"
        }
      },
      "Microsoft.Extensions.Primitives": {
        "type": "Transitive",
        "resolved": "8.0.0-rc.1.23419.4",
        "contentHash": "zyoB4zblhvpylS9VOmKyBuGH+RjKDsfi0cTB2KRPPDD6tFinpP+vGr3dictaNYLhGUg6jaBmq+2H/WZMCnvGDQ=="
      },
      "System.Text.Encodings.Web": {
        "type": "Transitive",
        "resolved": "8.0.0-rc.1.23419.4",
        "contentHash": "p7x+hBP1/7bC+KXeFARIUP00MHbm796rWB8iqO8Ag2ML6SB13qbs3240nvdHwA3vLpVEOMCFhrbJoJf81QDMiw=="
      },
      "System.Text.Json": {
        "type": "Transitive",
        "resolved": "8.0.0-rc.1.23419.4",
        "contentHash": "sXFoiHIhz/E5iQin+3oAyBvDww8eYjO0c1vZAico4X6Bbwezjl0Z32lmm4zXgUQ0ol/fl27OSEqWIw+ykWYWHg==",
        "dependencies": {
          "System.Text.Encodings.Web": "8.0.0-rc.1.23419.4"
        }
      },
      "cpu": {
        "type": "Project",
        "dependencies": {
          "Microsoft.Extensions.Logging.Abstractions": "[8.0.0-rc.1.23419.4, )"
        }
      },
      "cpu.dependencyinjection": {
        "type": "Project",
        "dependencies": {
          "Cpu": "[1.0.0, )",
          "Microsoft.Extensions.DependencyInjection": "[8.0.0-rc.1.23419.4, )"
        }
      },
      "cpu.mvvm": {
        "type": "Project",
        "dependencies": {
          "CommunityToolkit.Mvvm": "[8.2.1, )",
          "Cpu": "[1.0.0, )",
          "Cpu.DependencyInjection": "[1.0.0, )"
        }
      },
      "cpu.mvvm.dependencyinjection": {
        "type": "Project",
        "dependencies": {
          "Cpu.DependencyInjection": "[1.0.0, )",
          "Cpu.Mvvm": "[1.0.0, )",
          "Microsoft.Extensions.DependencyInjection": "[8.0.0-rc.1.23419.4, )"
        }
      },
      "CommunityToolkit.Mvvm": {
        "type": "CentralTransitive",
        "requested": "[8.2.1, )",
        "resolved": "8.2.1",
        "contentHash": "I24ofWVEdplxYjUez9/bljv/qb8r8Ccj6cvYXHexNBegLaD3iDy3QrzAAOYVMmfGWIXxlU1ZtECQNfU07+6hXQ=="
      },
      "Microsoft.Extensions.DependencyInjection": {
        "type": "CentralTransitive",
        "requested": "[8.0.0-rc.1.23419.4, )",
        "resolved": "8.0.0-rc.1.23419.4",
        "contentHash": "q1M8U8Qhf0siOpZ0PRB7jZR8Um+Pnm4HgCL81hYDtIunWJmlqEGKjGWg/gl140K9imZUqLkePSVVQGlP7/Xo+A==",
        "dependencies": {
          "Microsoft.Extensions.DependencyInjection.Abstractions": "8.0.0-rc.1.23419.4"
        }
      }
    }
  }
}